
Microsoft Visual Studio Solution File, Format Version 12.00
# Visual Studio Version 16
VisualStudioVersion = 16.0.30011.22
MinimumVisualStudioVersion = 10.0.40219.1
Project("{FAE04EC0-301F-11D3-BF4B-00C04F79EFBC}") = "W2", "W2\W2.csproj", "{B8DF7FD5-A9DF-490D-B661-CDE5A13980F7}"
EndProject
Global
	GlobalSection(SolutionConfigurationPlatforms) = preSolution
		Debug|Any CPU = Debug|Any CPU
		Release|Any CPU = Release|Any CPU
	EndGlobalSection
	GlobalSection(ProjectConfigurationPlatforms) = postSolution
		{B8DF7FD5-A9DF-490D-B661-CDE5A13980F7}.Debug|Any CPU.ActiveCfg = Debug|Any CPU
		{B8DF7FD5-A9DF-490D-B661-CDE5A13980F7}.Debug|Any CPU.Build.0 = Debug|Any CPU
		{B8DF7FD5-A9DF-490D-B661-CDE5A13980F7}.Release|Any CPU.ActiveCfg = Release|Any CPU
		{B8DF7FD5-A9DF-490D-B661-CDE5A13980F7}.Release|Any CPU.Build.0 = Release|Any CPU
	EndGlobalSection
	GlobalSection(SolutionProperties) = preSolution
		HideSolutionNode = FALSE
	EndGlobalSection
	GlobalSection(ExtensibilityGlobals) = postSolution
		SolutionGuid = {01661045-A9D9-4F61-86D7-D52AF06B9651}
	EndGlobalSection
EndGlobal
